// !$*UTF8*$!
{
	archiveVersion = 1;
	classes = {
	};
	objectVersion = 46;
	objects = {

/* Begin PBXBuildFile section */
		842C1D1F19D7DB6000FA31B5 /* main.m in Sources */ = {isa = PBXBuildFile; fileRef = 842C1D1E19D7DB6000FA31B5 /* main.m */; };
		842C1D2219D7DB6000FA31B5 /* AppDelegate.m in Sources */ = {isa = PBXBuildFile; fileRef = 842C1D2119D7DB6000FA31B5 /* AppDelegate.m */; };
		842C1D2A19D7DB6000FA31B5 /* Images.xcassets in Resources */ = {isa = PBXBuildFile; fileRef = 842C1D2919D7DB6000FA31B5 /* Images.xcassets */; };
		842C1D2D19D7DB6000FA31B5 /* LaunchScreen.xib in Resources */ = {isa = PBXBuildFile; fileRef = 842C1D2B19D7DB6000FA31B5 /* LaunchScreen.xib */; };
		842C1D3919D7DB6000FA31B5 /* AnimationDemoTests.m in Sources */ = {isa = PBXBuildFile; fileRef = 842C1D3819D7DB6000FA31B5 /* AnimationDemoTests.m */; };
		842C1D5319D7E54000FA31B5 /* CSTAnimationViewController.m in Sources */ = {isa = PBXBuildFile; fileRef = 842C1D5219D7E54000FA31B5 /* CSTAnimationViewController.m */; };
		842C1D5B19D7E55100FA31B5 /* CSTBaseView.m in Sources */ = {isa = PBXBuildFile; fileRef = 842C1D5819D7E55100FA31B5 /* CSTBaseView.m */; };
		842C1D5C19D7E55100FA31B5 /* CSTMenuTableView.m in Sources */ = {isa = PBXBuildFile; fileRef = 842C1D5A19D7E55100FA31B5 /* CSTMenuTableView.m */; };
		842C1D5F19D7E81400FA31B5 /* CSTAnimationModel.m in Sources */ = {isa = PBXBuildFile; fileRef = 842C1D5E19D7E81400FA31B5 /* CSTAnimationModel.m */; };
		842C1D6419D7F8AC00FA31B5 /* CSTAnimationCollection.m in Sources */ = {isa = PBXBuildFile; fileRef = 842C1D6319D7F8AC00FA31B5 /* CSTAnimationCollection.m */; };
		84690E3119D8F1B100FCF67B /* CSTNavigationViewController.m in Sources */ = {isa = PBXBuildFile; fileRef = 84690E3019D8F1B100FCF67B /* CSTNavigationViewController.m */; };
		84FA256019D932CC0080ABD6 /* cst_monster_img.png in Resources */ = {isa = PBXBuildFile; fileRef = 84FA255F19D932CC0080ABD6 /* cst_monster_img.png */; };
/* End PBXBuildFile section */

/* Begin PBXContainerItemProxy section */
		842C1D3319D7DB6000FA31B5 /* PBXContainerItemProxy */ = {
			isa = PBXContainerItemProxy;
			containerPortal = 842C1D1119D7DB6000FA31B5 /* Project object */;
			proxyType = 1;
			remoteGlobalIDString = 842C1D1819D7DB6000FA31B5;
			remoteInfo = AnimationDemo;
		};
/* End PBXContainerItemProxy section */

/* Begin PBXFileReference section */
		842C1D1919D7DB6000FA31B5 /* AnimationDemo.app */ = {isa = PBXFileReference; explicitFileType = wrapper.application; includeInIndex = 0; path = AnimationDemo.app; sourceTree = BUILT_PRODUCTS_DIR; };
		842C1D1D19D7DB6000FA31B5 /* Info.plist */ = {isa = PBXFileReference; lastKnownFileType = text.plist.xml; path = Info.plist; sourceTree = "<group>"; };
		842C1D1E19D7DB6000FA31B5 /* main.m */ = {isa = PBXFileReference; lastKnownFileType = sourcecode.c.objc; path = main.m; sourceTree = "<group>"; };
		842C1D2019D7DB6000FA31B5 /* AppDelegate.h */ = {isa = PBXFileReference; lastKnownFileType = sourcecode.c.h; path = AppDelegate.h; sourceTree = "<group>"; };
		842C1D2119D7DB6000FA31B5 /* AppDelegate.m */ = {isa = PBXFileReference; lastKnownFileType = sourcecode.c.objc; path = AppDelegate.m; sourceTree = "<group>"; };
		842C1D2919D7DB6000FA31B5 /* Images.xcassets */ = {isa = PBXFileReference; lastKnownFileType = folder.assetcatalog; path = Images.xcassets; sourceTree = "<group>"; };
		842C1D2C19D7DB6000FA31B5 /* Base */ = {isa = PBXFileReference; lastKnownFileType = file.xib; name = Base; path = Base.lproj/LaunchScreen.xib; sourceTree = "<group>"; };
		842C1D3219D7DB6000FA31B5 /* AnimationDemoTests.xctest */ = {isa = PBXFileReference; explicitFileType = wrapper.cfbundle; includeInIndex = 0; path = AnimationDemoTests.xctest; sourceTree = BUILT_PRODUCTS_DIR; };
		842C1D3719D7DB6000FA31B5 /* Info.plist */ = {isa = PBXFileReference; lastKnownFileType = text.plist.xml; path = Info.plist; sourceTree = "<group>"; };
		842C1D3819D7DB6000FA31B5 /* AnimationDemoTests.m */ = {isa = PBXFileReference; lastKnownFileType = sourcecode.c.objc; path = AnimationDemoTests.m; sourceTree = "<group>"; };
		842C1D5119D7E54000FA31B5 /* CSTAnimationViewController.h */ = {isa = PBXFileReference; fileEncoding = 4; lastKnownFileType = sourcecode.c.h; path = CSTAnimationViewController.h; sourceTree = "<group>"; };
		842C1D5219D7E54000FA31B5 /* CSTAnimationViewController.m */ = {isa = PBXFileReference; fileEncoding = 4; lastKnownFileType = sourcecode.c.objc; path = CSTAnimationViewController.m; sourceTree = "<group>"; };
		842C1D5719D7E55100FA31B5 /* CSTBaseView.h */ = {isa = PBXFileReference; fileEncoding = 4; lastKnownFileType = sourcecode.c.h; path = CSTBaseView.h; sourceTree = "<group>"; };
		842C1D5819D7E55100FA31B5 /* CSTBaseView.m */ = {isa = PBXFileReference; fileEncoding = 4; lastKnownFileType = sourcecode.c.objc; path = CSTBaseView.m; sourceTree = "<group>"; };
		842C1D5919D7E55100FA31B5 /* CSTMenuTableView.h */ = {isa = PBXFileReference; fileEncoding = 4; lastKnownFileType = sourcecode.c.h; path = CSTMenuTableView.h; sourceTree = "<group>"; };
		842C1D5A19D7E55100FA31B5 /* CSTMenuTableView.m */ = {isa = PBXFileReference; fileEncoding = 4; lastKnownFileType = sourcecode.c.objc; path = CSTMenuTableView.m; sourceTree = "<group>"; };
		842C1D5D19D7E81400FA31B5 /* CSTAnimationModel.h */ = {isa = PBXFileReference; fileEncoding = 4; lastKnownFileType = sourcecode.c.h; path = CSTAnimationModel.h; sourceTree = "<group>"; };
		842C1D5E19D7E81400FA31B5 /* CSTAnimationModel.m */ = {isa = PBXFileReference; fileEncoding = 4; lastKnownFileType = sourcecode.c.objc; path = CSTAnimationModel.m; sourceTree = "<group>"; };
		842C1D6119D7EED900FA31B5 /* CSTGlobal.h */ = {isa = PBXFileReference; lastKnownFileType = sourcecode.c.h; path = CSTGlobal.h; sourceTree = "<group>"; };
		842C1D6219D7F8AC00FA31B5 /* CSTAnimationCollection.h */ = {isa = PBXFileReference; fileEncoding = 4; lastKnownFileType = sourcecode.c.h; path = CSTAnimationCollection.h; sourceTree = "<group>"; };
		842C1D6319D7F8AC00FA31B5 /* CSTAnimationCollection.m */ = {isa = PBXFileReference; fileEncoding = 4; lastKnownFileType = sourcecode.c.objc; path = CSTAnimationCollection.m; sourceTree = "<group>"; };
		84690E2F19D8F1B100FCF67B /* CSTNavigationViewController.h */ = {isa = PBXFileReference; fileEncoding = 4; lastKnownFileType = sourcecode.c.h; path = CSTNavigationViewController.h; sourceTree = "<group>"; };
		84690E3019D8F1B100FCF67B /* CSTNavigationViewController.m */ = {isa = PBXFileReference; fileEncoding = 4; lastKnownFileType = sourcecode.c.objc; path = CSTNavigationViewController.m; sourceTree = "<group>"; };
		84FA255F19D932CC0080ABD6 /* cst_monster_img.png */ = {isa = PBXFileReference; lastKnownFileType = image.png; path = cst_monster_img.png; sourceTree = "<group>"; };
/* End PBXFileReference section */

/* Begin PBXFrameworksBuildPhase section */
		842C1D1619D7DB6000FA31B5 /* Frameworks */ = {
			isa = PBXFrameworksBuildPhase;
			buildActionMask = 2147483647;
			files = (
			);
			runOnlyForDeploymentPostprocessing = 0;
		};
		842C1D2F19D7DB6000FA31B5 /* Frameworks */ = {
			isa = PBXFrameworksBuildPhase;
			buildActionMask = 2147483647;
			files = (
			);
			runOnlyForDeploymentPostprocessing = 0;
		};
/* End PBXFrameworksBuildPhase section */

/* Begin PBXGroup section */
		842C1D1019D7DB6000FA31B5 = {
			isa = PBXGroup;
			children = (
				842C1D1B19D7DB6000FA31B5 /* AnimationDemo */,
				842C1D3519D7DB6000FA31B5 /* AnimationDemoTests */,
				842C1D1A19D7DB6000FA31B5 /* Products */,
			);
			sourceTree = "<group>";
		};
		842C1D1A19D7DB6000FA31B5 /* Products */ = {
			isa = PBXGroup;
			children = (
				842C1D1919D7DB6000FA31B5 /* AnimationDemo.app */,
				842C1D3219D7DB6000FA31B5 /* AnimationDemoTests.xctest */,
			);
			name = Products;
			sourceTree = "<group>";
		};
		842C1D1B19D7DB6000FA31B5 /* AnimationDemo */ = {
			isa = PBXGroup;
			children = (
				84FA255E19D932CC0080ABD6 /* Resources */,
				842C1D6019D7EEC800FA31B5 /* util */,
				842C1D4F19D7E4F500FA31B5 /* model */,
				842C1D5019D7E4F500FA31B5 /* view */,
				842C1D4E19D7E4F500FA31B5 /* controller */,
				842C1D2019D7DB6000FA31B5 /* AppDelegate.h */,
				842C1D2119D7DB6000FA31B5 /* AppDelegate.m */,
				842C1D1C19D7DB6000FA31B5 /* Supporting Files */,
			);
			path = AnimationDemo;
			sourceTree = "<group>";
		};
		842C1D1C19D7DB6000FA31B5 /* Supporting Files */ = {
			isa = PBXGroup;
			children = (
				842C1D2919D7DB6000FA31B5 /* Images.xcassets */,
				842C1D2B19D7DB6000FA31B5 /* LaunchScreen.xib */,
				842C1D1D19D7DB6000FA31B5 /* Info.plist */,
				842C1D1E19D7DB6000FA31B5 /* main.m */,
			);
			name = "Supporting Files";
			sourceTree = "<group>";
		};
		842C1D3519D7DB6000FA31B5 /* AnimationDemoTests */ = {
			isa = PBXGroup;
			children = (
				842C1D3819D7DB6000FA31B5 /* AnimationDemoTests.m */,
				842C1D3619D7DB6000FA31B5 /* Supporting Files */,
			);
			path = AnimationDemoTests;
			sourceTree = "<group>";
		};
		842C1D3619D7DB6000FA31B5 /* Supporting Files */ = {
			isa = PBXGroup;
			children = (
				842C1D3719D7DB6000FA31B5 /* Info.plist */,
			);
			name = "Supporting Files";
			sourceTree = "<group>";
		};
		842C1D4E19D7E4F500FA31B5 /* controller */ = {
			isa = PBXGroup;
			children = (
				842C1D5119D7E54000FA31B5 /* CSTAnimationViewController.h */,
				842C1D5219D7E54000FA31B5 /* CSTAnimationViewController.m */,
				84690E2F19D8F1B100FCF67B /* CSTNavigationViewController.h */,
				84690E3019D8F1B100FCF67B /* CSTNavigationViewController.m */,
			);
			path = controller;
			sourceTree = "<group>";
		};
		842C1D4F19D7E4F500FA31B5 /* model */ = {
			isa = PBXGroup;
			children = (
				842C1D5D19D7E81400FA31B5 /* CSTAnimationModel.h */,
				842C1D5E19D7E81400FA31B5 /* CSTAnimationModel.m */,
			);
			path = model;
			sourceTree = "<group>";
		};
		842C1D5019D7E4F500FA31B5 /* view */ = {
			isa = PBXGroup;
			children = (
				842C1D5719D7E55100FA31B5 /* CSTBaseView.h */,
				842C1D5819D7E55100FA31B5 /* CSTBaseView.m */,
				842C1D5919D7E55100FA31B5 /* CSTMenuTableView.h */,
				842C1D5A19D7E55100FA31B5 /* CSTMenuTableView.m */,
			);
			path = view;
			sourceTree = "<group>";
		};
		842C1D6019D7EEC800FA31B5 /* util */ = {
			isa = PBXGroup;
			children = (
				842C1D6119D7EED900FA31B5 /* CSTGlobal.h */,
				842C1D6219D7F8AC00FA31B5 /* CSTAnimationCollection.h */,
				842C1D6319D7F8AC00FA31B5 /* CSTAnimationCollection.m */,
			);
			path = util;
			sourceTree = "<group>";
		};
		84FA255E19D932CC0080ABD6 /* Resources */ = {
			isa = PBXGroup;
			children = (
				84FA255F19D932CC0080ABD6 /* cst_monster_img.png */,
			);
			path = Resources;
			sourceTree = "<group>";
		};
/* End PBXGroup section */

/* Begin PBXNativeTarget section */
		842C1D1819D7DB6000FA31B5 /* AnimationDemo */ = {
			isa = PBXNativeTarget;
			buildConfigurationList = 842C1D3C19D7DB6000FA31B5 /* Build configuration list for PBXNativeTarget "AnimationDemo" */;
			buildPhases = (
				842C1D1519D7DB6000FA31B5 /* Sources */,
				842C1D1619D7DB6000FA31B5 /* Frameworks */,
				842C1D1719D7DB6000FA31B5 /* Resources */,
			);
			buildRules = (
			);
			dependencies = (
			);
			name = AnimationDemo;
			productName = AnimationDemo;
			productReference = 842C1D1919D7DB6000FA31B5 /* AnimationDemo.app */;
			productType = "com.apple.product-type.application";
		};
		842C1D3119D7DB6000FA31B5 /* AnimationDemoTests */ = {
			isa = PBXNativeTarget;
			buildConfigurationList = 842C1D3F19D7DB6000FA31B5 /* Build configuration list for PBXNativeTarget "AnimationDemoTests" */;
			buildPhases = (
				842C1D2E19D7DB6000FA31B5 /* Sources */,
				842C1D2F19D7DB6000FA31B5 /* Frameworks */,
				842C1D3019D7DB6000FA31B5 /* Resources */,
			);
			buildRules = (
			);
			dependencies = (
				842C1D3419D7DB6000FA31B5 /* PBXTargetDependency */,
			);
			name = AnimationDemoTests;
			productName = AnimationDemoTests;
			productReference = 842C1D3219D7DB6000FA31B5 /* AnimationDemoTests.xctest */;
			productType = "com.apple.product-type.bundle.unit-test";
		};
/* End PBXNativeTarget section */

/* Begin PBXProject section */
		842C1D1119D7DB6000FA31B5 /* Project object */ = {
			isa = PBXProject;
			attributes = {
				LastUpgradeCheck = 0600;
				ORGANIZATIONNAME = "Violet Iris";
				TargetAttributes = {
					842C1D1819D7DB6000FA31B5 = {
						CreatedOnToolsVersion = 6.0.1;
					};
					842C1D3119D7DB6000FA31B5 = {
						CreatedOnToolsVersion = 6.0.1;
						TestTargetID = 842C1D1819D7DB6000FA31B5;
					};
				};
			};
			buildConfigurationList = 842C1D1419D7DB6000FA31B5 /* Build configuration list for PBXProject "AnimationDemo" */;
			compatibilityVersion = "Xcode 3.2";
			developmentRegion = English;
			hasScannedForEncodings = 0;
			knownRegions = (
				en,
				Base,
			);
			mainGroup = 842C1D1019D7DB6000FA31B5;
			productRefGroup = 842C1D1A19D7DB6000FA31B5 /* Products */;
			projectDirPath = "";
			projectRoot = "";
			targets = (
				842C1D1819D7DB6000FA31B5 /* AnimationDemo */,
				842C1D3119D7DB6000FA31B5 /* AnimationDemoTests */,
			);
		};
/* End PBXProject section */

/* Begin PBXResourcesBuildPhase section */
		842C1D1719D7DB6000FA31B5 /* Resources */ = {
			isa = PBXResourcesBuildPhase;
			buildActionMask = 2147483647;
			files = (
				842C1D2D19D7DB6000FA31B5 /* LaunchScreen.xib in Resources */,
				84FA256019D932CC0080ABD6 /* cst_monster_img.png in Resources */,
				842C1D2A19D7DB6000FA31B5 /* Images.xcassets in Resources */,
			);
			runOnlyForDeploymentPostprocessing = 0;
		};
		842C1D3019D7DB6000FA31B5 /* Resources */ = {
			isa = PBXResourcesBuildPhase;
			buildActionMask = 2147483647;
			files = (
			);
			runOnlyForDeploymentPostprocessing = 0;
		};
/* End PBXResourcesBuildPhase section */

/* Begin PBXSourcesBuildPhase section */
		842C1D1519D7DB6000FA31B5 /* Sources */ = {
			isa = PBXSourcesBuildPhase;
			buildActionMask = 2147483647;
			files = (
				842C1D5319D7E54000FA31B5 /* CSTAnimationViewController.m in Sources */,
				842C1D5B19D7E55100FA31B5 /* CSTBaseView.m in Sources */,
				842C1D2219D7DB6000FA31B5 /* AppDelegate.m in Sources */,
				842C1D1F19D7DB6000FA31B5 /* main.m in Sources */,
				842C1D5C19D7E55100FA31B5 /* CSTMenuTableView.m in Sources */,
				842C1D5F19D7E81400FA31B5 /* CSTAnimationModel.m in Sources */,
				842C1D6419D7F8AC00FA31B5 /* CSTAnimationCollection.m in Sources */,
				84690E3119D8F1B100FCF67B /* CSTNavigationViewController.m in Sources */,
			);
			runOnlyForDeploymentPostprocessing = 0;
		};
		842C1D2E19D7DB6000FA31B5 /* Sources */ = {
			isa = PBXSourcesBuildPhase;
			buildActionMask = 2147483647;
			files = (
				842C1D3919D7DB6000FA31B5 /* AnimationDemoTests.m in Sources */,
			);
			runOnlyForDeploymentPostprocessing = 0;
		};
/* End PBXSourcesBuildPhase section */

/* Begin PBXTargetDependency section */
		842C1D3419D7DB6000FA31B5 /* PBXTargetDependency */ = {
			isa = PBXTargetDependency;
			target = 842C1D1819D7DB6000FA31B5 /* AnimationDemo */;
			targetProxy = 842C1D3319D7DB6000FA31B5 /* PBXContainerItemProxy */;
		};
/* End PBXTargetDependency section */

/* Begin PBXVariantGroup section */
		842C1D2B19D7DB6000FA31B5 /* LaunchScreen.xib */ = {
			isa = PBXVariantGroup;
			children = (
				842C1D2C19D7DB6000FA31B5 /* Base */,
			);
			name = LaunchScreen.xib;
			sourceTree = "<group>";
		};
/* End PBXVariantGroup section */

/* Begin XCBuildConfiguration section */
		842C1D3A19D7DB6000FA31B5 /* Debug */ = {
			isa = XCBuildConfiguration;
			buildSettings = {
				ALWAYS_SEARCH_USER_PATHS = NO;
				CLANG_CXX_LANGUAGE_STANDARD = "gnu++0x";
				CLANG_CXX_LIBRARY = "libc++";
				CLANG_ENABLE_MODULES = YES;
				CLANG_ENABLE_OBJC_ARC = YES;
				CLANG_WARN_BOOL_CONVERSION = YES;
				CLANG_WARN_CONSTANT_CONVERSION = YES;
				CLANG_WARN_DIRECT_OBJC_ISA_USAGE = YES_ERROR;
				CLANG_WARN_EMPTY_BODY = YES;
				CLANG_WARN_ENUM_CONVERSION = YES;
				CLANG_WARN_INT_CONVERSION = YES;
				CLANG_WARN_OBJC_ROOT_CLASS = YES_ERROR;
				CLANG_WARN_UNREACHABLE_CODE = YES;
				CLANG_WARN__DUPLICATE_METHOD_MATCH = YES;
				"CODE_SIGN_IDENTITY[sdk=iphoneos*]" = "iPhone Developer";
				COPY_PHASE_STRIP = NO;
				ENABLE_STRICT_OBJC_MSGSEND = YES;
				GCC_C_LANGUAGE_STANDARD = gnu99;
				GCC_DYNAMIC_NO_PIC = NO;
				GCC_OPTIMIZATION_LEVEL = 0;
				GCC_PREPROCESSOR_DEFINITIONS = (
					"DEBUG=1",
					"$(inherited)",
				);
				GCC_SYMBOLS_PRIVATE_EXTERN = NO;
				GCC_WARN_64_TO_32_BIT_CONVERSION = YES;
				GCC_WARN_ABOUT_RETURN_TYPE = YES_ERROR;
				GCC_WARN_UNDECLARED_SELECTOR = YES;
				GCC_WARN_UNINITIALIZED_AUTOS = YES_AGGRESSIVE;
				GCC_WARN_UNUSED_FUNCTION = YES;
				GCC_WARN_UNUSED_VARIABLE = YES;
				IPHONEOS_DEPLOYMENT_TARGET = 8.0;
				MTL_ENABLE_DEBUG_INFO = YES;
				ONLY_ACTIVE_ARCH = YES;
				SDKROOT = iphoneos;
			};
			name = Debug;
		};
		842C1D3B19D7DB6000FA31B5 /* Release */ = {
			isa = XCBuildConfiguration;
			buildSettings = {
				ALWAYS_SEARCH_USER_PATHS = NO;
				CLANG_CXX_LANGUAGE_STANDARD = "gnu++0x";
				CLANG_CXX_LIBRARY = "libc++";
				CLANG_ENABLE_MODULES = YES;
				CLANG_ENABLE_OBJC_ARC = YES;
				CLANG_WARN_BOOL_CONVERSION = YES;
				CLANG_WARN_CONSTANT_CONVERSION = YES;
				CLANG_WARN_DIRECT_OBJC_ISA_USAGE = YES_ERROR;
				CLANG_WARN_EMPTY_BODY = YES;
				CLANG_WARN_ENUM_CONVERSION = YES;
				CLANG_WARN_INT_CONVERSION = YES;
				CLANG_WARN_OBJC_ROOT_CLASS = YES_ERROR;
				CLANG_WARN_UNREACHABLE_CODE = YES;
				CLANG_WARN__DUPLICATE_METHOD_MATCH = YES;
				"CODE_SIGN_IDENTITY[sdk=iphoneos*]" = "iPhone Developer";
				COPY_PHASE_STRIP = YES;
				ENABLE_NS_ASSERTIONS = NO;
				ENABLE_STRICT_OBJC_MSGSEND = YES;
				GCC_C_LANGUAGE_STANDARD = gnu99;
				GCC_WARN_64_TO_32_BIT_CONVERSION = YES;
				GCC_WARN_ABOUT_RETURN_TYPE = YES_ERROR;
				GCC_WARN_UNDECLARED_SELECTOR = YES;
				GCC_WARN_UNINITIALIZED_AUTOS = YES_AGGRESSIVE;
				GCC_WARN_UNUSED_FUNCTION = YES;
				GCC_WARN_UNUSED_VARIABLE = YES;
				IPHONEOS_DEPLOYMENT_TARGET = 8.0;
				MTL_ENABLE_DEBUG_INFO = NO;
				SDKROOT = iphoneos;
				VALIDATE_PRODUCT = YES;
			};
			name = Release;
		};
		842C1D3D19D7DB6000FA31B5 /* Debug */ = {
			isa = XCBuildConfiguration;
			buildSettings = {
				ASSETCATALOG_COMPILER_APPICON_NAME = AppIcon;
				INFOPLIST_FILE = AnimationDemo/Info.plist;
				LD_RUNPATH_SEARCH_PATHS = "$(inherited) @executable_path/Frameworks";
				PRODUCT_NAME = "$(TARGET_NAME)";
			};
			name = Debug;
		};
		842C1D3E19D7DB6000FA31B5 /* Release */ = {
			isa = XCBuildConfiguration;
			buildSettings = {
				ASSETCATALOG_COMPILER_APPICON_NAME = AppIcon;
				INFOPLIST_FILE = AnimationDemo/Info.plist;
				LD_RUNPATH_SEARCH_PATHS = "$(inherited) @executable_path/Frameworks";
				PRODUCT_NAME = "$(TARGET_NAME)";
			};
			name = Release;
		};
		842C1D4019D7DB6000FA31B5 /* Debug */ = {
			isa = XCBuildConfiguration;
			buildSettings = {
				BUNDLE_LOADER = "$(TEST_HOST)";
				FRAMEWORK_SEARCH_PATHS = (
					"$(SDKROOT)/Developer/Library/Frameworks",
					"$(inherited)",
				);
				GCC_PREPROCESSOR_DEFINITIONS = (
					"DEBUG=1",
					"$(inherited)",
				);
				INFOPLIST_FILE = AnimationDemoTests/Info.plist;
				LD_RUNPATH_SEARCH_PATHS = "$(inherited) @executable_path/Frameworks @loader_path/Frameworks";
				PRODUCT_NAME = "$(TARGET_NAME)";
				TEST_HOST = "$(BUILT_PRODUCTS_DIR)/AnimationDemo.app/AnimationDemo";
			};
			name = Debug;
		};
		842C1D4119D7DB6000FA31B5 /* Release */ = {
			isa = XCBuildConfiguration;
			buildSettings = {
				BUNDLE_LOADER = "$(TEST_HOST)";
				FRAMEWORK_SEARCH_PATHS = (
					"$(SDKROOT)/Developer/Library/Frameworks",
					"$(inherited)",
				);
				INFOPLIST_FILE = AnimationDemoTests/Info.plist;
				LD_RUNPATH_SEARCH_PATHS = "$(inherited) @executable_path/Frameworks @loader_path/Frameworks";
				PRODUCT_NAME = "$(TARGET_NAME)";
				TEST_HOST = "$(BUILT_PRODUCTS_DIR)/AnimationDemo.app/AnimationDemo";
			};
			name = Release;
		};
/* End XCBuildConfiguration section */

/* Begin XCConfigurationList section */
		842C1D1419D7DB6000FA31B5 /* Build configuration list for PBXProject "AnimationDemo" */ = {
			isa = XCConfigurationList;
			buildConfigurations = (
				842C1D3A19D7DB6000FA31B5 /* Debug */,
				842C1D3B19D7DB6000FA31B5 /* Release */,
			);
			defaultConfigurationIsVisible = 0;
			defaultConfigurationName = Release;
		};
		842C1D3C19D7DB6000FA31B5 /* Build configuration list for PBXNativeTarget "AnimationDemo" */ = {
			isa = XCConfigurationList;
			buildConfigurations = (
				842C1D3D19D7DB6000FA31B5 /* Debug */,
				842C1D3E19D7DB6000FA31B5 /* Release */,
			);
			defaultConfigurationIsVisible = 0;
			defaultConfigurationName = Release;
		};
		842C1D3F19D7DB6000FA31B5 /* Build configuration list for PBXNativeTarget "AnimationDemoTests" */ = {
			isa = XCConfigurationList;
			buildConfigurations = (
				842C1D4019D7DB6000FA31B5 /* Debug */,
				842C1D4119D7DB6000FA31B5 /* Release */,
			);
			defaultConfigurationIsVisible = 0;
			defaultConfigurationName = Release;
		};
/* End XCConfigurationList section */
	};
	rootObject = 842C1D1119D7DB6000FA31B5 /* Project object */;
}
